
Microsoft Visual Studio Solution File, Format Version 12.00
# Visual Studio Version 16
VisualStudioVersion = 16.0.28606.126
MinimumVisualStudioVersion = 10.0.40219.1
Project("{2150E333-8FDC-42A3-9474-1A3956D46DE8}") = "Solution Items", "Solution Items", "{F1787DE3-205B-47D1-8482-6A856B719FA8}"
	ProjectSection(SolutionItems) = preProject
		src\AssemblyVersionInfo.proj = src\AssemblyVersionInfo.proj
		src\SharedAssemblyInfo.proj = src\SharedAssemblyInfo.proj
	EndProjectSection
EndProject
Project("{9A19103F-16F7-4668-BE54-9A1E7A4F7556}") = "EventAggregation", "src\EventAggregation\EventAggregation.csproj", "{457FB54D-1884-405D-BAA6-E56A914F8674}"
EndProject
Project("{9A19103F-16F7-4668-BE54-9A1E7A4F7556}") = "EventAggregation.StructureMap", "src\EventAggregation.StructureMap\EventAggregation.StructureMap.csproj", "{4E887D94-9E15-4433-A86C-A3DCFB3B5D93}"
EndProject
Project("{9A19103F-16F7-4668-BE54-9A1E7A4F7556}") = "EventAggregation.Tests", "src\EventAggregation.Tests\EventAggregation.Tests.csproj", "{FB4C79D3-C8ED-49F4-9A7B-F88C6ABF4BD7}"
EndProject
Project("{9A19103F-16F7-4668-BE54-9A1E7A4F7556}") = "EventAggregation.StructureMap.Tests", "src\EventAggregation.StructureMap.Tests\EventAggregation.StructureMap.Tests.csproj", "{C456CA18-730A-4C0B-A261-FF00B973DF44}"
EndProject
Project("{9A19103F-16F7-4668-BE54-9A1E7A4F7556}") = "EventAggregation.Async", "src\EventAggregation.Async\EventAggregation.Async.csproj", "{D18C5B43-8BF1-4938-9A12-F9CDAAE871B0}"
EndProject
Project("{9A19103F-16F7-4668-BE54-9A1E7A4F7556}") = "EventAggregation.Async.Tests", "src\EventAggregation.Async.Tests\EventAggregation.Async.Tests.csproj", "{C6D39DB2-E98F-456C-BC87-4AC8C9ACC0F8}"
EndProject
Project("{9A19103F-16F7-4668-BE54-9A1E7A4F7556}") = "EventAggregation.Async.StructureMap", "src\EventAggregation.Async.StructureMap\EventAggregation.Async.StructureMap.csproj", "{29B136E5-D0B2-4421-8931-7087D656C07F}"
EndProject
Project("{9A19103F-16F7-4668-BE54-9A1E7A4F7556}") = "EventAggregation.Async.StructureMap.Tests", "src\EventAggregation.Async.StructureMap.Tests\EventAggregation.Async.StructureMap.Tests.csproj", "{A5C469B3-3090-4898-B170-201915905CD0}"
EndProject
Project("{FAE04EC0-301F-11D3-BF4B-00C04F79EFBC}") = "EventAggregation.Api", "src\EventAggregation.Api\EventAggregation.Api.csproj", "{C905565E-635A-4C6B-A45C-A3F31D075F39}"
EndProject
Project("{FAE04EC0-301F-11D3-BF4B-00C04F79EFBC}") = "EventAggregation.Async.Api", "src\EventAggregation.Async.Api\EventAggregation.Async.Api.csproj", "{689A07A8-B9B6-4675-97A0-1C702C90C86F}"
EndProject
Global
	GlobalSection(SolutionConfigurationPlatforms) = preSolution
		Debug|Any CPU = Debug|Any CPU
		Release|Any CPU = Release|Any CPU
	EndGlobalSection
	GlobalSection(ProjectConfigurationPlatforms) = postSolution
		{457FB54D-1884-405D-BAA6-E56A914F8674}.Debug|Any CPU.ActiveCfg = Debug|Any CPU
		{457FB54D-1884-405D-BAA6-E56A914F8674}.Debug|Any CPU.Build.0 = Debug|Any CPU
		{457FB54D-1884-405D-BAA6-E56A914F8674}.Release|Any CPU.ActiveCfg = Release|Any CPU
		{457FB54D-1884-405D-BAA6-E56A914F8674}.Release|Any CPU.Build.0 = Release|Any CPU
		{4E887D94-9E15-4433-A86C-A3DCFB3B5D93}.Debug|Any CPU.ActiveCfg = Debug|Any CPU
		{4E887D94-9E15-4433-A86C-A3DCFB3B5D93}.Debug|Any CPU.Build.0 = Debug|Any CPU
		{4E887D94-9E15-4433-A86C-A3DCFB3B5D93}.Release|Any CPU.ActiveCfg = Release|Any CPU
		{4E887D94-9E15-4433-A86C-A3DCFB3B5D93}.Release|Any CPU.Build.0 = Release|Any CPU
		{FB4C79D3-C8ED-49F4-9A7B-F88C6ABF4BD7}.Debug|Any CPU.ActiveCfg = Debug|Any CPU
		{FB4C79D3-C8ED-49F4-9A7B-F88C6ABF4BD7}.Debug|Any CPU.Build.0 = Debug|Any CPU
		{FB4C79D3-C8ED-49F4-9A7B-F88C6ABF4BD7}.Release|Any CPU.ActiveCfg = Release|Any CPU
		{FB4C79D3-C8ED-49F4-9A7B-F88C6ABF4BD7}.Release|Any CPU.Build.0 = Release|Any CPU
		{C456CA18-730A-4C0B-A261-FF00B973DF44}.Debug|Any CPU.ActiveCfg = Debug|Any CPU
		{C456CA18-730A-4C0B-A261-FF00B973DF44}.Debug|Any CPU.Build.0 = Debug|Any CPU
		{C456CA18-730A-4C0B-A261-FF00B973DF44}.Release|Any CPU.ActiveCfg = Release|Any CPU
		{C456CA18-730A-4C0B-A261-FF00B973DF44}.Release|Any CPU.Build.0 = Release|Any CPU
		{D18C5B43-8BF1-4938-9A12-F9CDAAE871B0}.Debug|Any CPU.ActiveCfg = Debug|Any CPU
		{D18C5B43-8BF1-4938-9A12-F9CDAAE871B0}.Debug|Any CPU.Build.0 = Debug|Any CPU
		{D18C5B43-8BF1-4938-9A12-F9CDAAE871B0}.Release|Any CPU.ActiveCfg = Release|Any CPU
		{D18C5B43-8BF1-4938-9A12-F9CDAAE871B0}.Release|Any CPU.Build.0 = Release|Any CPU
		{C6D39DB2-E98F-456C-BC87-4AC8C9ACC0F8}.Debug|Any CPU.ActiveCfg = Debug|Any CPU
		{C6D39DB2-E98F-456C-BC87-4AC8C9ACC0F8}.Debug|Any CPU.Build.0 = Debug|Any CPU
		{C6D39DB2-E98F-456C-BC87-4AC8C9ACC0F8}.Release|Any CPU.ActiveCfg = Release|Any CPU
		{C6D39DB2-E98F-456C-BC87-4AC8C9ACC0F8}.Release|Any CPU.Build.0 = Release|Any CPU
		{29B136E5-D0B2-4421-8931-7087D656C07F}.Debug|Any CPU.ActiveCfg = Debug|Any CPU
		{29B136E5-D0B2-4421-8931-7087D656C07F}.Debug|Any CPU.Build.0 = Debug|Any CPU
		{29B136E5-D0B2-4421-8931-7087D656C07F}.Release|Any CPU.ActiveCfg = Release|Any CPU
		{29B136E5-D0B2-4421-8931-7087D656C07F}.Release|Any CPU.Build.0 = Release|Any CPU
		{A5C469B3-3090-4898-B170-201915905CD0}.Debug|Any CPU.ActiveCfg = Debug|Any CPU
		{A5C469B3-3090-4898-B170-201915905CD0}.Debug|Any CPU.Build.0 = Debug|Any CPU
		{A5C469B3-3090-4898-B170-201915905CD0}.Release|Any CPU.ActiveCfg = Release|Any CPU
		{A5C469B3-3090-4898-B170-201915905CD0}.Release|Any CPU.Build.0 = Release|Any CPU
		{C905565E-635A-4C6B-A45C-A3F31D075F39}.Debug|Any CPU.ActiveCfg = Debug|Any CPU
		{C905565E-635A-4C6B-A45C-A3F31D075F39}.Debug|Any CPU.Build.0 = Debug|Any CPU
		{C905565E-635A-4C6B-A45C-A3F31D075F39}.Release|Any CPU.ActiveCfg = Release|Any CPU
		{C905565E-635A-4C6B-A45C-A3F31D075F39}.Release|Any CPU.Build.0 = Release|Any CPU
		{689A07A8-B9B6-4675-97A0-1C702C90C86F}.Debug|Any CPU.ActiveCfg = Debug|Any CPU
		{689A07A8-B9B6-4675-97A0-1C702C90C86F}.Debug|Any CPU.Build.0 = Debug|Any CPU
		{689A07A8-B9B6-4675-97A0-1C702C90C86F}.Release|Any CPU.ActiveCfg = Release|Any CPU
		{689A07A8-B9B6-4675-97A0-1C702C90C86F}.Release|Any CPU.Build.0 = Release|Any CPU
	EndGlobalSection
	GlobalSection(SolutionProperties) = preSolution
		HideSolutionNode = FALSE
	EndGlobalSection
	GlobalSection(ExtensibilityGlobals) = postSolution
		SolutionGuid = {B05280CF-3CAC-42BF-B4C5-733A9C7F99E0}
	EndGlobalSection
EndGlobal
